
Microsoft Visual Studio Solution File, Format Version 12.00
# Visual Studio 14
VisualStudioVersion = 14.0.22823.1
MinimumVisualStudioVersion = 10.0.40219.1
Project("{D954291E-2A0B-460D-934E-DC6B0785DB48}") = "AlertApp", "AlertApp\AlertApp\AlertApp.shproj", "{B16929C3-9A55-4FE0-AE6C-FC5E51FA5645}"
EndProject
Project("{FAE04EC0-301F-11D3-BF4B-00C04F79EFBC}") = "AlertApp.WinPhone", "AlertApp\AlertApp.WinPhone\AlertApp.WinPhone.csproj", "{97094E69-A482-40C6-BC1F-FC7FC852AC35}"
EndProject
Project("{FAE04EC0-301F-11D3-BF4B-00C04F79EFBC}") = "AlertApp.iOS", "AlertApp\AlertApp.iOS\AlertApp.iOS.csproj", "{3611BB3F-400A-4DB9-A098-56F894C24B33}"
EndProject
Project("{FAE04EC0-301F-11D3-BF4B-00C04F79EFBC}") = "AlertApp.Droid", "AlertApp\AlertApp.Droid\AlertApp.Droid.csproj", "{E2E8430E-EC47-48DA-B14A-01C433E0123A}"
EndProject
Global
	GlobalSection(SharedMSBuildProjectFiles) = preSolution
		AlertApp\AlertApp\AlertApp.projitems*{97094e69-a482-40c6-bc1f-fc7fc852ac35}*SharedItemsImports = 4
		AlertApp\AlertApp\AlertApp.projitems*{b16929c3-9a55-4fe0-ae6c-fc5e51fa5645}*SharedItemsImports = 13
		AlertApp\AlertApp\AlertApp.projitems*{e2e8430e-ec47-48da-b14a-01c433e0123a}*SharedItemsImports = 4
		AlertApp\AlertApp\AlertApp.projitems*{3611bb3f-400a-4db9-a098-56f894c24b33}*SharedItemsImports = 4
	EndGlobalSection
	GlobalSection(SolutionConfigurationPlatforms) = preSolution
		Ad-Hoc|Any CPU = Ad-Hoc|Any CPU
		Ad-Hoc|ARM = Ad-Hoc|ARM
		Ad-Hoc|iPhone = Ad-Hoc|iPhone
		Ad-Hoc|iPhoneSimulator = Ad-Hoc|iPhoneSimulator
		Ad-Hoc|x86 = Ad-Hoc|x86
		AppStore|Any CPU = AppStore|Any CPU
		AppStore|ARM = AppStore|ARM
		AppStore|iPhone = AppStore|iPhone
		AppStore|iPhoneSimulator = AppStore|iPhoneSimulator
		AppStore|x86 = AppStore|x86
		Debug|Any CPU = Debug|Any CPU
		Debug|ARM = Debug|ARM
		Debug|iPhone = Debug|iPhone
		Debug|iPhoneSimulator = Debug|iPhoneSimulator
		Debug|x86 = Debug|x86
		Release|Any CPU = Release|Any CPU
		Release|ARM = Release|ARM
		Release|iPhone = Release|iPhone
		Release|iPhoneSimulator = Release|iPhoneSimulator
		Release|x86 = Release|x86
	EndGlobalSection
	GlobalSection(ProjectConfigurationPlatforms) = postSolution
		{97094E69-A482-40C6-BC1F-FC7FC852AC35}.Ad-Hoc|Any CPU.ActiveCfg = Release|Any CPU
		{97094E69-A482-40C6-BC1F-FC7FC852AC35}.Ad-Hoc|Any CPU.Build.0 = Release|Any CPU
		{97094E69-A482-40C6-BC1F-FC7FC852AC35}.Ad-Hoc|Any CPU.Deploy.0 = Release|Any CPU
		{97094E69-A482-40C6-BC1F-FC7FC852AC35}.Ad-Hoc|ARM.ActiveCfg = Release|ARM
		{97094E69-A482-40C6-BC1F-FC7FC852AC35}.Ad-Hoc|ARM.Build.0 = Release|ARM
		{97094E69-A482-40C6-BC1F-FC7FC852AC35}.Ad-Hoc|ARM.Deploy.0 = Release|ARM
		{97094E69-A482-40C6-BC1F-FC7FC852AC35}.Ad-Hoc|iPhone.ActiveCfg = Release|Any CPU
		{97094E69-A482-40C6-BC1F-FC7FC852AC35}.Ad-Hoc|iPhone.Build.0 = Release|Any CPU
		{97094E69-A482-40C6-BC1F-FC7FC852AC35}.Ad-Hoc|iPhone.Deploy.0 = Release|Any CPU
		{97094E69-A482-40C6-BC1F-FC7FC852AC35}.Ad-Hoc|iPhoneSimulator.ActiveCfg = Release|Any CPU
		{97094E69-A482-40C6-BC1F-FC7FC852AC35}.Ad-Hoc|iPhoneSimulator.Build.0 = Release|Any CPU
		{97094E69-A482-40C6-BC1F-FC7FC852AC35}.Ad-Hoc|iPhoneSimulator.Deploy.0 = Release|Any CPU
		{97094E69-A482-40C6-BC1F-FC7FC852AC35}.Ad-Hoc|x86.ActiveCfg = Release|x86
		{97094E69-A482-40C6-BC1F-FC7FC852AC35}.Ad-Hoc|x86.Build.0 = Release|x86
		{97094E69-A482-40C6-BC1F-FC7FC852AC35}.Ad-Hoc|x86.Deploy.0 = Release|x86
		{97094E69-A482-40C6-BC1F-FC7FC852AC35}.AppStore|Any CPU.ActiveCfg = Release|Any CPU
		{97094E69-A482-40C6-BC1F-FC7FC852AC35}.AppStore|Any CPU.Build.0 = Release|Any CPU
		{97094E69-A482-40C6-BC1F-FC7FC852AC35}.AppStore|Any CPU.Deploy.0 = Release|Any CPU
		{97094E69-A482-40C6-BC1F-FC7FC852AC35}.AppStore|ARM.ActiveCfg = Release|ARM
		{97094E69-A482-40C6-BC1F-FC7FC852AC35}.AppStore|ARM.Build.0 = Release|ARM
		{97094E69-A482-40C6-BC1F-FC7FC852AC35}.AppStore|ARM.Deploy.0 = Release|ARM
		{97094E69-A482-40C6-BC1F-FC7FC852AC35}.AppStore|iPhone.ActiveCfg = Release|Any CPU
		{97094E69-A482-40C6-BC1F-FC7FC852AC35}.AppStore|iPhone.Build.0 = Release|Any CPU
		{97094E69-A482-40C6-BC1F-FC7FC852AC35}.AppStore|iPhone.Deploy.0 = Release|Any CPU
		{97094E69-A482-40C6-BC1F-FC7FC852AC35}.AppStore|iPhoneSimulator.ActiveCfg = Release|Any CPU
		{97094E69-A482-40C6-BC1F-FC7FC852AC35}.AppStore|iPhoneSimulator.Build.0 = Release|Any CPU
		{97094E69-A482-40C6-BC1F-FC7FC852AC35}.AppStore|iPhoneSimulator.Deploy.0 = Release|Any CPU
		{97094E69-A482-40C6-BC1F-FC7FC852AC35}.AppStore|x86.ActiveCfg = Release|x86
		{97094E69-A482-40C6-BC1F-FC7FC852AC35}.AppStore|x86.Build.0 = Release|x86
		{97094E69-A482-40C6-BC1F-FC7FC852AC35}.AppStore|x86.Deploy.0 = Release|x86
		{97094E69-A482-40C6-BC1F-FC7FC852AC35}.Debug|Any CPU.ActiveCfg = Debug|Any CPU
		{97094E69-A482-40C6-BC1F-FC7FC852AC35}.Debug|Any CPU.Build.0 = Debug|Any CPU
		{97094E69-A482-40C6-BC1F-FC7FC852AC35}.Debug|Any CPU.Deploy.0 = Debug|Any CPU
		{97094E69-A482-40C6-BC1F-FC7FC852AC35}.Debug|ARM.ActiveCfg = Debug|ARM
		{97094E69-A482-40C6-BC1F-FC7FC852AC35}.Debug|ARM.Build.0 = Debug|ARM
		{97094E69-A482-40C6-BC1F-FC7FC852AC35}.Debug|ARM.Deploy.0 = Debug|ARM
		{97094E69-A482-40C6-BC1F-FC7FC852AC35}.Debug|iPhone.ActiveCfg = Debug|Any CPU
		{97094E69-A482-40C6-BC1F-FC7FC852AC35}.Debug|iPhone.Build.0 = Debug|Any CPU
		{97094E69-A482-40C6-BC1F-FC7FC852AC35}.Debug|iPhone.Deploy.0 = Debug|Any CPU
		{97094E69-A482-40C6-BC1F-FC7FC852AC35}.Debug|iPhoneSimulator.ActiveCfg = Debug|Any CPU
		{97094E69-A482-40C6-BC1F-FC7FC852AC35}.Debug|iPhoneSimulator.Build.0 = Debug|Any CPU
		{97094E69-A482-40C6-BC1F-FC7FC852AC35}.Debug|iPhoneSimulator.Deploy.0 = Debug|Any CPU
		{97094E69-A482-40C6-BC1F-FC7FC852AC35}.Debug|x86.ActiveCfg = Debug|x86
		{97094E69-A482-40C6-BC1F-FC7FC852AC35}.Debug|x86.Build.0 = Debug|x86
		{97094E69-A482-40C6-BC1F-FC7FC852AC35}.Debug|x86.Deploy.0 = Debug|x86
		{97094E69-A482-40C6-BC1F-FC7FC852AC35}.Release|Any CPU.ActiveCfg = Release|Any CPU
		{97094E69-A482-40C6-BC1F-FC7FC852AC35}.Release|Any CPU.Build.0 = Release|Any CPU
		{97094E69-A482-40C6-BC1F-FC7FC852AC35}.Release|Any CPU.Deploy.0 = Release|Any CPU
		{97094E69-A482-40C6-BC1F-FC7FC852AC35}.Release|ARM.ActiveCfg = Release|ARM
		{97094E69-A482-40C6-BC1F-FC7FC852AC35}.Release|ARM.Build.0 = Release|ARM
		{97094E69-A482-40C6-BC1F-FC7FC852AC35}.Release|ARM.Deploy.0 = Release|ARM
		{97094E69-A482-40C6-BC1F-FC7FC852AC35}.Release|iPhone.ActiveCfg = Release|Any CPU
		{97094E69-A482-40C6-BC1F-FC7FC852AC35}.Release|iPhone.Build.0 = Release|Any CPU
		{97094E69-A482-40C6-BC1F-FC7FC852AC35}.Release|iPhone.Deploy.0 = Release|Any CPU
		{97094E69-A482-40C6-BC1F-FC7FC852AC35}.Release|iPhoneSimulator.ActiveCfg = Release|Any CPU
		{97094E69-A482-40C6-BC1F-FC7FC852AC35}.Release|iPhoneSimulator.Build.0 = Release|Any CPU
		{97094E69-A482-40C6-BC1F-FC7FC852AC35}.Release|iPhoneSimulator.Deploy.0 = Release|Any CPU
		{97094E69-A482-40C6-BC1F-FC7FC852AC35}.Release|x86.ActiveCfg = Release|x86
		{97094E69-A482-40C6-BC1F-FC7FC852AC35}.Release|x86.Build.0 = Release|x86
		{97094E69-A482-40C6-BC1F-FC7FC852AC35}.Release|x86.Deploy.0 = Release|x86
		{3611BB3F-400A-4DB9-A098-56F894C24B33}.Ad-Hoc|Any CPU.ActiveCfg = Ad-Hoc|iPhone
		{3611BB3F-400A-4DB9-A098-56F894C24B33}.Ad-Hoc|ARM.ActiveCfg = Ad-Hoc|iPhone
		{3611BB3F-400A-4DB9-A098-56F894C24B33}.Ad-Hoc|iPhone.ActiveCfg = Ad-Hoc|iPhone
		{3611BB3F-400A-4DB9-A098-56F894C24B33}.Ad-Hoc|iPhone.Build.0 = Ad-Hoc|iPhone
		{3611BB3F-400A-4DB9-A098-56F894C24B33}.Ad-Hoc|iPhoneSimulator.ActiveCfg = Ad-Hoc|iPhoneSimulator
		{3611BB3F-400A-4DB9-A098-56F894C24B33}.Ad-Hoc|iPhoneSimulator.Build.0 = Ad-Hoc|iPhoneSimulator
		{3611BB3F-400A-4DB9-A098-56F894C24B33}.Ad-Hoc|x86.ActiveCfg = Ad-Hoc|iPhone
		{3611BB3F-400A-4DB9-A098-56F894C24B33}.AppStore|Any CPU.ActiveCfg = AppStore|iPhone
		{3611BB3F-400A-4DB9-A098-56F894C24B33}.AppStore|ARM.ActiveCfg = AppStore|iPhone
		{3611BB3F-400A-4DB9-A098-56F894C24B33}.AppStore|iPhone.ActiveCfg = AppStore|iPhone
		{3611BB3F-400A-4DB9-A098-56F894C24B33}.AppStore|iPhone.Build.0 = AppStore|iPhone
		{3611BB3F-400A-4DB9-A098-56F894C24B33}.AppStore|iPhoneSimulator.ActiveCfg = AppStore|iPhoneSimulator
		{3611BB3F-400A-4DB9-A098-56F894C24B33}.AppStore|iPhoneSimulator.Build.0 = AppStore|iPhoneSimulator
		{3611BB3F-400A-4DB9-A098-56F894C24B33}.AppStore|x86.ActiveCfg = AppStore|iPhone
		{3611BB3F-400A-4DB9-A098-56F894C24B33}.Debug|Any CPU.ActiveCfg = Debug|iPhone
		{3611BB3F-400A-4DB9-A098-56F894C24B33}.Debug|ARM.ActiveCfg = Debug|iPhone
		{3611BB3F-400A-4DB9-A098-56F894C24B33}.Debug|iPhone.ActiveCfg = Debug|iPhone
		{3611BB3F-400A-4DB9-A098-56F894C24B33}.Debug|iPhone.Build.0 = Debug|iPhone
		{3611BB3F-400A-4DB9-A098-56F894C24B33}.Debug|iPhoneSimulator.ActiveCfg = Debug|iPhoneSimulator
		{3611BB3F-400A-4DB9-A098-56F894C24B33}.Debug|iPhoneSimulator.Build.0 = Debug|iPhoneSimulator
		{3611BB3F-400A-4DB9-A098-56F894C24B33}.Debug|x86.ActiveCfg = Debug|iPhone
		{3611BB3F-400A-4DB9-A098-56F894C24B33}.Release|Any CPU.ActiveCfg = Release|iPhone
		{3611BB3F-400A-4DB9-A098-56F894C24B33}.Release|ARM.ActiveCfg = Release|iPhone
		{3611BB3F-400A-4DB9-A098-56F894C24B33}.Release|iPhone.ActiveCfg = Release|iPhone
		{3611BB3F-400A-4DB9-A098-56F894C24B33}.Release|iPhone.Build.0 = Release|iPhone
		{3611BB3F-400A-4DB9-A098-56F894C24B33}.Release|iPhoneSimulator.ActiveCfg = Release|iPhoneSimulator
		{3611BB3F-400A-4DB9-A098-56F894C24B33}.Release|iPhoneSimulator.Build.0 = Release|iPhoneSimulator
		{3611BB3F-400A-4DB9-A098-56F894C24B33}.Release|x86.ActiveCfg = Release|iPhone
		{E2E8430E-EC47-48DA-B14A-01C433E0123A}.Ad-Hoc|Any CPU.ActiveCfg = Release|Any CPU
		{E2E8430E-EC47-48DA-B14A-01C433E0123A}.Ad-Hoc|Any CPU.Build.0 = Release|Any CPU
		{E2E8430E-EC47-48DA-B14A-01C433E0123A}.Ad-Hoc|Any CPU.Deploy.0 = Release|Any CPU
		{E2E8430E-EC47-48DA-B14A-01C433E0123A}.Ad-Hoc|ARM.ActiveCfg = Release|Any CPU
		{E2E8430E-EC47-48DA-B14A-01C433E0123A}.Ad-Hoc|ARM.Build.0 = Release|Any CPU
		{E2E8430E-EC47-48DA-B14A-01C433E0123A}.Ad-Hoc|ARM.Deploy.0 = Release|Any CPU
		{E2E8430E-EC47-48DA-B14A-01C433E0123A}.Ad-Hoc|iPhone.ActiveCfg = Release|Any CPU
		{E2E8430E-EC47-48DA-B14A-01C433E0123A}.Ad-Hoc|iPhone.Build.0 = Release|Any CPU
		{E2E8430E-EC47-48DA-B14A-01C433E0123A}.Ad-Hoc|iPhone.Deploy.0 = Release|Any CPU
		{E2E8430E-EC47-48DA-B14A-01C433E0123A}.Ad-Hoc|iPhoneSimulator.ActiveCfg = Release|Any CPU
		{E2E8430E-EC47-48DA-B14A-01C433E0123A}.Ad-Hoc|iPhoneSimulator.Build.0 = Release|Any CPU
		{E2E8430E-EC47-48DA-B14A-01C433E0123A}.Ad-Hoc|iPhoneSimulator.Deploy.0 = Release|Any CPU
		{E2E8430E-EC47-48DA-B14A-01C433E0123A}.Ad-Hoc|x86.ActiveCfg = Release|Any CPU
		{E2E8430E-EC47-48DA-B14A-01C433E0123A}.Ad-Hoc|x86.Build.0 = Release|Any CPU
		{E2E8430E-EC47-48DA-B14A-01C433E0123A}.Ad-Hoc|x86.Deploy.0 = Release|Any CPU
		{E2E8430E-EC47-48DA-B14A-01C433E0123A}.AppStore|Any CPU.ActiveCfg = Release|Any CPU
		{E2E8430E-EC47-48DA-B14A-01C433E0123A}.AppStore|Any CPU.Build.0 = Release|Any CPU
		{E2E8430E-EC47-48DA-B14A-01C433E0123A}.AppStore|Any CPU.Deploy.0 = Release|Any CPU
		{E2E8430E-EC47-48DA-B14A-01C433E0123A}.AppStore|ARM.ActiveCfg = Release|Any CPU
		{E2E8430E-EC47-48DA-B14A-01C433E0123A}.AppStore|ARM.Build.0 = Release|Any CPU
		{E2E8430E-EC47-48DA-B14A-01C433E0123A}.AppStore|ARM.Deploy.0 = Release|Any CPU
		{E2E8430E-EC47-48DA-B14A-01C433E0123A}.AppStore|iPhone.ActiveCfg = Release|Any CPU
		{E2E8430E-EC47-48DA-B14A-01C433E0123A}.AppStore|iPhone.Build.0 = Release|Any CPU
		{E2E8430E-EC47-48DA-B14A-01C433E0123A}.AppStore|iPhone.Deploy.0 = Release|Any CPU
		{E2E8430E-EC47-48DA-B14A-01C433E0123A}.AppStore|iPhoneSimulator.ActiveCfg = Release|Any CPU
		{E2E8430E-EC47-48DA-B14A-01C433E0123A}.AppStore|iPhoneSimulator.Build.0 = Release|Any CPU
		{E2E8430E-EC47-48DA-B14A-01C433E0123A}.AppStore|iPhoneSimulator.Deploy.0 = Release|Any CPU
		{E2E8430E-EC47-48DA-B14A-01C433E0123A}.AppStore|x86.ActiveCfg = Release|Any CPU
		{E2E8430E-EC47-48DA-B14A-01C433E0123A}.AppStore|x86.Build.0 = Release|Any CPU
		{E2E8430E-EC47-48DA-B14A-01C433E0123A}.AppStore|x86.Deploy.0 = Release|Any CPU
		{E2E8430E-EC47-48DA-B14A-01C433E0123A}.Debug|Any CPU.ActiveCfg = Debug|Any CPU
		{E2E8430E-EC47-48DA-B14A-01C433E0123A}.Debug|Any CPU.Build.0 = Debug|Any CPU
		{E2E8430E-EC47-48DA-B14A-01C433E0123A}.Debug|Any CPU.Deploy.0 = Debug|Any CPU
		{E2E8430E-EC47-48DA-B14A-01C433E0123A}.Debug|ARM.ActiveCfg = Debug|Any CPU
		{E2E8430E-EC47-48DA-B14A-01C433E0123A}.Debug|ARM.Build.0 = Debug|Any CPU
		{E2E8430E-EC47-48DA-B14A-01C433E0123A}.Debug|ARM.Deploy.0 = Debug|Any CPU
		{E2E8430E-EC47-48DA-B14A-01C433E0123A}.Debug|iPhone.ActiveCfg = Debug|Any CPU
		{E2E8430E-EC47-48DA-B14A-01C433E0123A}.Debug|iPhone.Build.0 = Debug|Any CPU
		{E2E8430E-EC47-48DA-B14A-01C433E0123A}.Debug|iPhone.Deploy.0 = Debug|Any CPU
		{E2E8430E-EC47-48DA-B14A-01C433E0123A}.Debug|iPhoneSimulator.ActiveCfg = Debug|Any CPU
		{E2E8430E-EC47-48DA-B14A-01C433E0123A}.Debug|iPhoneSimulator.Build.0 = Debug|Any CPU
		{E2E8430E-EC47-48DA-B14A-01C433E0123A}.Debug|iPhoneSimulator.Deploy.0 = Debug|Any CPU
		{E2E8430E-EC47-48DA-B14A-01C433E0123A}.Debug|x86.ActiveCfg = Debug|Any CPU
		{E2E8430E-EC47-48DA-B14A-01C433E0123A}.Debug|x86.Build.0 = Debug|Any CPU
		{E2E8430E-EC47-48DA-B14A-01C433E0123A}.Debug|x86.Deploy.0 = Debug|Any CPU
		{E2E8430E-EC47-48DA-B14A-01C433E0123A}.Release|Any CPU.ActiveCfg = Release|Any CPU
		{E2E8430E-EC47-48DA-B14A-01C433E0123A}.Release|Any CPU.Build.0 = Release|Any CPU
		{E2E8430E-EC47-48DA-B14A-01C433E0123A}.Release|Any CPU.Deploy.0 = Release|Any CPU
		{E2E8430E-EC47-48DA-B14A-01C433E0123A}.Release|ARM.ActiveCfg = Release|Any CPU
		{E2E8430E-EC47-48DA-B14A-01C433E0123A}.Release|ARM.Build.0 = Release|Any CPU
		{E2E8430E-EC47-48DA-B14A-01C433E0123A}.Release|ARM.Deploy.0 = Release|Any CPU
		{E2E8430E-EC47-48DA-B14A-01C433E0123A}.Release|iPhone.ActiveCfg = Release|Any CPU
		{E2E8430E-EC47-48DA-B14A-01C433E0123A}.Release|iPhone.Build.0 = Release|Any CPU
		{E2E8430E-EC47-48DA-B14A-01C433E0123A}.Release|iPhone.Deploy.0 = Release|Any CPU
		{E2E8430E-EC47-48DA-B14A-01C433E0123A}.Release|iPhoneSimulator.ActiveCfg = Release|Any CPU
		{E2E8430E-EC47-48DA-B14A-01C433E0123A}.Release|iPhoneSimulator.Build.0 = Release|Any CPU
		{E2E8430E-EC47-48DA-B14A-01C433E0123A}.Release|iPhoneSimulator.Deploy.0 = Release|Any CPU
		{E2E8430E-EC47-48DA-B14A-01C433E0123A}.Release|x86.ActiveCfg = Release|Any CPU
		{E2E8430E-EC47-48DA-B14A-01C433E0123A}.Release|x86.Build.0 = Release|Any CPU
		{E2E8430E-EC47-48DA-B14A-01C433E0123A}.Release|x86.Deploy.0 = Release|Any CPU
	EndGlobalSection
	GlobalSection(SolutionProperties) = preSolution
		HideSolutionNode = FALSE
	EndGlobalSection
EndGlobal
