
Microsoft Visual Studio Solution File, Format Version 12.00
# Visual Studio 14
VisualStudioVersion = 14.0.22823.1
MinimumVisualStudioVersion = 10.0.40219.1
Project("{D954291E-2A0B-460D-934E-DC6B0785DB48}") = "AlarmApp", "MultiplatformApp\MultiplatformApp\AlarmApp.shproj", "{6B771901-4677-40E0-B724-C37E82C51C72}"
EndProject
Project("{FAE04EC0-301F-11D3-BF4B-00C04F79EFBC}") = "AlarmApp.WinPhone", "MultiplatformApp\MultiplatformApp.WinPhone\AlarmApp.WinPhone.csproj", "{BBCA12F2-725E-483C-8BFF-D9DF8643B90D}"
EndProject
Project("{FAE04EC0-301F-11D3-BF4B-00C04F79EFBC}") = "AlarmApp.iOS", "MultiplatformApp\MultiplatformApp.iOS\AlarmApp.iOS.csproj", "{3D0A66CE-53F0-4AF1-AFB4-7D80149A4D8A}"
EndProject
Project("{FAE04EC0-301F-11D3-BF4B-00C04F79EFBC}") = "AlarmApp.Droid", "MultiplatformApp\MultiplatformApp.Droid\AlarmApp.Droid.csproj", "{CFD3FC4B-3038-47AE-B010-AC0EEE945359}"
EndProject
Global
	GlobalSection(SharedMSBuildProjectFiles) = preSolution
		MultiplatformApp\MultiplatformApp\MultiplatformApp.projitems*{6b771901-4677-40e0-b724-c37e82c51c72}*SharedItemsImports = 13
		MultiplatformApp\MultiplatformApp\MultiplatformApp.projitems*{bbca12f2-725e-483c-8bff-d9df8643b90d}*SharedItemsImports = 4
		MultiplatformApp\MultiplatformApp\MultiplatformApp.projitems*{3d0a66ce-53f0-4af1-afb4-7d80149a4d8a}*SharedItemsImports = 4
		MultiplatformApp\MultiplatformApp\MultiplatformApp.projitems*{cfd3fc4b-3038-47ae-b010-ac0eee945359}*SharedItemsImports = 4
	EndGlobalSection
	GlobalSection(SolutionConfigurationPlatforms) = preSolution
		Ad-Hoc|Any CPU = Ad-Hoc|Any CPU
		Ad-Hoc|ARM = Ad-Hoc|ARM
		Ad-Hoc|iPhone = Ad-Hoc|iPhone
		Ad-Hoc|iPhoneSimulator = Ad-Hoc|iPhoneSimulator
		Ad-Hoc|x86 = Ad-Hoc|x86
		AppStore|Any CPU = AppStore|Any CPU
		AppStore|ARM = AppStore|ARM
		AppStore|iPhone = AppStore|iPhone
		AppStore|iPhoneSimulator = AppStore|iPhoneSimulator
		AppStore|x86 = AppStore|x86
		Debug|Any CPU = Debug|Any CPU
		Debug|ARM = Debug|ARM
		Debug|iPhone = Debug|iPhone
		Debug|iPhoneSimulator = Debug|iPhoneSimulator
		Debug|x86 = Debug|x86
		Release|Any CPU = Release|Any CPU
		Release|ARM = Release|ARM
		Release|iPhone = Release|iPhone
		Release|iPhoneSimulator = Release|iPhoneSimulator
		Release|x86 = Release|x86
	EndGlobalSection
	GlobalSection(ProjectConfigurationPlatforms) = postSolution
		{BBCA12F2-725E-483C-8BFF-D9DF8643B90D}.Ad-Hoc|Any CPU.ActiveCfg = Release|Any CPU
		{BBCA12F2-725E-483C-8BFF-D9DF8643B90D}.Ad-Hoc|Any CPU.Build.0 = Release|Any CPU
		{BBCA12F2-725E-483C-8BFF-D9DF8643B90D}.Ad-Hoc|Any CPU.Deploy.0 = Release|Any CPU
		{BBCA12F2-725E-483C-8BFF-D9DF8643B90D}.Ad-Hoc|ARM.ActiveCfg = Release|ARM
		{BBCA12F2-725E-483C-8BFF-D9DF8643B90D}.Ad-Hoc|ARM.Build.0 = Release|ARM
		{BBCA12F2-725E-483C-8BFF-D9DF8643B90D}.Ad-Hoc|ARM.Deploy.0 = Release|ARM
		{BBCA12F2-725E-483C-8BFF-D9DF8643B90D}.Ad-Hoc|iPhone.ActiveCfg = Release|Any CPU
		{BBCA12F2-725E-483C-8BFF-D9DF8643B90D}.Ad-Hoc|iPhone.Build.0 = Release|Any CPU
		{BBCA12F2-725E-483C-8BFF-D9DF8643B90D}.Ad-Hoc|iPhone.Deploy.0 = Release|Any CPU
		{BBCA12F2-725E-483C-8BFF-D9DF8643B90D}.Ad-Hoc|iPhoneSimulator.ActiveCfg = Release|Any CPU
		{BBCA12F2-725E-483C-8BFF-D9DF8643B90D}.Ad-Hoc|iPhoneSimulator.Build.0 = Release|Any CPU
		{BBCA12F2-725E-483C-8BFF-D9DF8643B90D}.Ad-Hoc|iPhoneSimulator.Deploy.0 = Release|Any CPU
		{BBCA12F2-725E-483C-8BFF-D9DF8643B90D}.Ad-Hoc|x86.ActiveCfg = Release|x86
		{BBCA12F2-725E-483C-8BFF-D9DF8643B90D}.Ad-Hoc|x86.Build.0 = Release|x86
		{BBCA12F2-725E-483C-8BFF-D9DF8643B90D}.Ad-Hoc|x86.Deploy.0 = Release|x86
		{BBCA12F2-725E-483C-8BFF-D9DF8643B90D}.AppStore|Any CPU.ActiveCfg = Release|Any CPU
		{BBCA12F2-725E-483C-8BFF-D9DF8643B90D}.AppStore|Any CPU.Build.0 = Release|Any CPU
		{BBCA12F2-725E-483C-8BFF-D9DF8643B90D}.AppStore|Any CPU.Deploy.0 = Release|Any CPU
		{BBCA12F2-725E-483C-8BFF-D9DF8643B90D}.AppStore|ARM.ActiveCfg = Release|ARM
		{BBCA12F2-725E-483C-8BFF-D9DF8643B90D}.AppStore|ARM.Build.0 = Release|ARM
		{BBCA12F2-725E-483C-8BFF-D9DF8643B90D}.AppStore|ARM.Deploy.0 = Release|ARM
		{BBCA12F2-725E-483C-8BFF-D9DF8643B90D}.AppStore|iPhone.ActiveCfg = Release|Any CPU
		{BBCA12F2-725E-483C-8BFF-D9DF8643B90D}.AppStore|iPhone.Build.0 = Release|Any CPU
		{BBCA12F2-725E-483C-8BFF-D9DF8643B90D}.AppStore|iPhone.Deploy.0 = Release|Any CPU
		{BBCA12F2-725E-483C-8BFF-D9DF8643B90D}.AppStore|iPhoneSimulator.ActiveCfg = Release|Any CPU
		{BBCA12F2-725E-483C-8BFF-D9DF8643B90D}.AppStore|iPhoneSimulator.Build.0 = Release|Any CPU
		{BBCA12F2-725E-483C-8BFF-D9DF8643B90D}.AppStore|iPhoneSimulator.Deploy.0 = Release|Any CPU
		{BBCA12F2-725E-483C-8BFF-D9DF8643B90D}.AppStore|x86.ActiveCfg = Release|x86
		{BBCA12F2-725E-483C-8BFF-D9DF8643B90D}.AppStore|x86.Build.0 = Release|x86
		{BBCA12F2-725E-483C-8BFF-D9DF8643B90D}.AppStore|x86.Deploy.0 = Release|x86
		{BBCA12F2-725E-483C-8BFF-D9DF8643B90D}.Debug|Any CPU.ActiveCfg = Debug|Any CPU
		{BBCA12F2-725E-483C-8BFF-D9DF8643B90D}.Debug|Any CPU.Build.0 = Debug|Any CPU
		{BBCA12F2-725E-483C-8BFF-D9DF8643B90D}.Debug|Any CPU.Deploy.0 = Debug|Any CPU
		{BBCA12F2-725E-483C-8BFF-D9DF8643B90D}.Debug|ARM.ActiveCfg = Debug|ARM
		{BBCA12F2-725E-483C-8BFF-D9DF8643B90D}.Debug|ARM.Build.0 = Debug|ARM
		{BBCA12F2-725E-483C-8BFF-D9DF8643B90D}.Debug|ARM.Deploy.0 = Debug|ARM
		{BBCA12F2-725E-483C-8BFF-D9DF8643B90D}.Debug|iPhone.ActiveCfg = Debug|Any CPU
		{BBCA12F2-725E-483C-8BFF-D9DF8643B90D}.Debug|iPhone.Build.0 = Debug|Any CPU
		{BBCA12F2-725E-483C-8BFF-D9DF8643B90D}.Debug|iPhone.Deploy.0 = Debug|Any CPU
		{BBCA12F2-725E-483C-8BFF-D9DF8643B90D}.Debug|iPhoneSimulator.ActiveCfg = Debug|Any CPU
		{BBCA12F2-725E-483C-8BFF-D9DF8643B90D}.Debug|iPhoneSimulator.Build.0 = Debug|Any CPU
		{BBCA12F2-725E-483C-8BFF-D9DF8643B90D}.Debug|iPhoneSimulator.Deploy.0 = Debug|Any CPU
		{BBCA12F2-725E-483C-8BFF-D9DF8643B90D}.Debug|x86.ActiveCfg = Debug|x86
		{BBCA12F2-725E-483C-8BFF-D9DF8643B90D}.Debug|x86.Build.0 = Debug|x86
		{BBCA12F2-725E-483C-8BFF-D9DF8643B90D}.Debug|x86.Deploy.0 = Debug|x86
		{BBCA12F2-725E-483C-8BFF-D9DF8643B90D}.Release|Any CPU.ActiveCfg = Release|Any CPU
		{BBCA12F2-725E-483C-8BFF-D9DF8643B90D}.Release|Any CPU.Build.0 = Release|Any CPU
		{BBCA12F2-725E-483C-8BFF-D9DF8643B90D}.Release|Any CPU.Deploy.0 = Release|Any CPU
		{BBCA12F2-725E-483C-8BFF-D9DF8643B90D}.Release|ARM.ActiveCfg = Release|ARM
		{BBCA12F2-725E-483C-8BFF-D9DF8643B90D}.Release|ARM.Build.0 = Release|ARM
		{BBCA12F2-725E-483C-8BFF-D9DF8643B90D}.Release|ARM.Deploy.0 = Release|ARM
		{BBCA12F2-725E-483C-8BFF-D9DF8643B90D}.Release|iPhone.ActiveCfg = Release|Any CPU
		{BBCA12F2-725E-483C-8BFF-D9DF8643B90D}.Release|iPhone.Build.0 = Release|Any CPU
		{BBCA12F2-725E-483C-8BFF-D9DF8643B90D}.Release|iPhone.Deploy.0 = Release|Any CPU
		{BBCA12F2-725E-483C-8BFF-D9DF8643B90D}.Release|iPhoneSimulator.ActiveCfg = Release|Any CPU
		{BBCA12F2-725E-483C-8BFF-D9DF8643B90D}.Release|iPhoneSimulator.Build.0 = Release|Any CPU
		{BBCA12F2-725E-483C-8BFF-D9DF8643B90D}.Release|iPhoneSimulator.Deploy.0 = Release|Any CPU
		{BBCA12F2-725E-483C-8BFF-D9DF8643B90D}.Release|x86.ActiveCfg = Release|x86
		{BBCA12F2-725E-483C-8BFF-D9DF8643B90D}.Release|x86.Build.0 = Release|x86
		{BBCA12F2-725E-483C-8BFF-D9DF8643B90D}.Release|x86.Deploy.0 = Release|x86
		{3D0A66CE-53F0-4AF1-AFB4-7D80149A4D8A}.Ad-Hoc|Any CPU.ActiveCfg = Ad-Hoc|iPhone
		{3D0A66CE-53F0-4AF1-AFB4-7D80149A4D8A}.Ad-Hoc|ARM.ActiveCfg = Ad-Hoc|iPhone
		{3D0A66CE-53F0-4AF1-AFB4-7D80149A4D8A}.Ad-Hoc|iPhone.ActiveCfg = Ad-Hoc|iPhone
		{3D0A66CE-53F0-4AF1-AFB4-7D80149A4D8A}.Ad-Hoc|iPhone.Build.0 = Ad-Hoc|iPhone
		{3D0A66CE-53F0-4AF1-AFB4-7D80149A4D8A}.Ad-Hoc|iPhoneSimulator.ActiveCfg = Ad-Hoc|iPhoneSimulator
		{3D0A66CE-53F0-4AF1-AFB4-7D80149A4D8A}.Ad-Hoc|iPhoneSimulator.Build.0 = Ad-Hoc|iPhoneSimulator
		{3D0A66CE-53F0-4AF1-AFB4-7D80149A4D8A}.Ad-Hoc|x86.ActiveCfg = Ad-Hoc|iPhone
		{3D0A66CE-53F0-4AF1-AFB4-7D80149A4D8A}.AppStore|Any CPU.ActiveCfg = AppStore|iPhone
		{3D0A66CE-53F0-4AF1-AFB4-7D80149A4D8A}.AppStore|ARM.ActiveCfg = AppStore|iPhone
		{3D0A66CE-53F0-4AF1-AFB4-7D80149A4D8A}.AppStore|iPhone.ActiveCfg = AppStore|iPhone
		{3D0A66CE-53F0-4AF1-AFB4-7D80149A4D8A}.AppStore|iPhone.Build.0 = AppStore|iPhone
		{3D0A66CE-53F0-4AF1-AFB4-7D80149A4D8A}.AppStore|iPhoneSimulator.ActiveCfg = AppStore|iPhoneSimulator
		{3D0A66CE-53F0-4AF1-AFB4-7D80149A4D8A}.AppStore|iPhoneSimulator.Build.0 = AppStore|iPhoneSimulator
		{3D0A66CE-53F0-4AF1-AFB4-7D80149A4D8A}.AppStore|x86.ActiveCfg = AppStore|iPhone
		{3D0A66CE-53F0-4AF1-AFB4-7D80149A4D8A}.Debug|Any CPU.ActiveCfg = Debug|iPhone
		{3D0A66CE-53F0-4AF1-AFB4-7D80149A4D8A}.Debug|ARM.ActiveCfg = Debug|iPhone
		{3D0A66CE-53F0-4AF1-AFB4-7D80149A4D8A}.Debug|iPhone.ActiveCfg = Debug|iPhone
		{3D0A66CE-53F0-4AF1-AFB4-7D80149A4D8A}.Debug|iPhone.Build.0 = Debug|iPhone
		{3D0A66CE-53F0-4AF1-AFB4-7D80149A4D8A}.Debug|iPhoneSimulator.ActiveCfg = Debug|iPhoneSimulator
		{3D0A66CE-53F0-4AF1-AFB4-7D80149A4D8A}.Debug|iPhoneSimulator.Build.0 = Debug|iPhoneSimulator
		{3D0A66CE-53F0-4AF1-AFB4-7D80149A4D8A}.Debug|x86.ActiveCfg = Debug|iPhone
		{3D0A66CE-53F0-4AF1-AFB4-7D80149A4D8A}.Release|Any CPU.ActiveCfg = Release|iPhone
		{3D0A66CE-53F0-4AF1-AFB4-7D80149A4D8A}.Release|ARM.ActiveCfg = Release|iPhone
		{3D0A66CE-53F0-4AF1-AFB4-7D80149A4D8A}.Release|iPhone.ActiveCfg = Release|iPhone
		{3D0A66CE-53F0-4AF1-AFB4-7D80149A4D8A}.Release|iPhone.Build.0 = Release|iPhone
		{3D0A66CE-53F0-4AF1-AFB4-7D80149A4D8A}.Release|iPhoneSimulator.ActiveCfg = Release|iPhoneSimulator
		{3D0A66CE-53F0-4AF1-AFB4-7D80149A4D8A}.Release|iPhoneSimulator.Build.0 = Release|iPhoneSimulator
		{3D0A66CE-53F0-4AF1-AFB4-7D80149A4D8A}.Release|x86.ActiveCfg = Release|iPhone
		{CFD3FC4B-3038-47AE-B010-AC0EEE945359}.Ad-Hoc|Any CPU.ActiveCfg = Release|Any CPU
		{CFD3FC4B-3038-47AE-B010-AC0EEE945359}.Ad-Hoc|Any CPU.Build.0 = Release|Any CPU
		{CFD3FC4B-3038-47AE-B010-AC0EEE945359}.Ad-Hoc|Any CPU.Deploy.0 = Release|Any CPU
		{CFD3FC4B-3038-47AE-B010-AC0EEE945359}.Ad-Hoc|ARM.ActiveCfg = Release|Any CPU
		{CFD3FC4B-3038-47AE-B010-AC0EEE945359}.Ad-Hoc|ARM.Build.0 = Release|Any CPU
		{CFD3FC4B-3038-47AE-B010-AC0EEE945359}.Ad-Hoc|ARM.Deploy.0 = Release|Any CPU
		{CFD3FC4B-3038-47AE-B010-AC0EEE945359}.Ad-Hoc|iPhone.ActiveCfg = Release|Any CPU
		{CFD3FC4B-3038-47AE-B010-AC0EEE945359}.Ad-Hoc|iPhone.Build.0 = Release|Any CPU
		{CFD3FC4B-3038-47AE-B010-AC0EEE945359}.Ad-Hoc|iPhone.Deploy.0 = Release|Any CPU
		{CFD3FC4B-3038-47AE-B010-AC0EEE945359}.Ad-Hoc|iPhoneSimulator.ActiveCfg = Release|Any CPU
		{CFD3FC4B-3038-47AE-B010-AC0EEE945359}.Ad-Hoc|iPhoneSimulator.Build.0 = Release|Any CPU
		{CFD3FC4B-3038-47AE-B010-AC0EEE945359}.Ad-Hoc|iPhoneSimulator.Deploy.0 = Release|Any CPU
		{CFD3FC4B-3038-47AE-B010-AC0EEE945359}.Ad-Hoc|x86.ActiveCfg = Release|Any CPU
		{CFD3FC4B-3038-47AE-B010-AC0EEE945359}.Ad-Hoc|x86.Build.0 = Release|Any CPU
		{CFD3FC4B-3038-47AE-B010-AC0EEE945359}.Ad-Hoc|x86.Deploy.0 = Release|Any CPU
		{CFD3FC4B-3038-47AE-B010-AC0EEE945359}.AppStore|Any CPU.ActiveCfg = Release|Any CPU
		{CFD3FC4B-3038-47AE-B010-AC0EEE945359}.AppStore|Any CPU.Build.0 = Release|Any CPU
		{CFD3FC4B-3038-47AE-B010-AC0EEE945359}.AppStore|Any CPU.Deploy.0 = Release|Any CPU
		{CFD3FC4B-3038-47AE-B010-AC0EEE945359}.AppStore|ARM.ActiveCfg = Release|Any CPU
		{CFD3FC4B-3038-47AE-B010-AC0EEE945359}.AppStore|ARM.Build.0 = Release|Any CPU
		{CFD3FC4B-3038-47AE-B010-AC0EEE945359}.AppStore|ARM.Deploy.0 = Release|Any CPU
		{CFD3FC4B-3038-47AE-B010-AC0EEE945359}.AppStore|iPhone.ActiveCfg = Release|Any CPU
		{CFD3FC4B-3038-47AE-B010-AC0EEE945359}.AppStore|iPhone.Build.0 = Release|Any CPU
		{CFD3FC4B-3038-47AE-B010-AC0EEE945359}.AppStore|iPhone.Deploy.0 = Release|Any CPU
		{CFD3FC4B-3038-47AE-B010-AC0EEE945359}.AppStore|iPhoneSimulator.ActiveCfg = Release|Any CPU
		{CFD3FC4B-3038-47AE-B010-AC0EEE945359}.AppStore|iPhoneSimulator.Build.0 = Release|Any CPU
		{CFD3FC4B-3038-47AE-B010-AC0EEE945359}.AppStore|iPhoneSimulator.Deploy.0 = Release|Any CPU
		{CFD3FC4B-3038-47AE-B010-AC0EEE945359}.AppStore|x86.ActiveCfg = Release|Any CPU
		{CFD3FC4B-3038-47AE-B010-AC0EEE945359}.AppStore|x86.Build.0 = Release|Any CPU
		{CFD3FC4B-3038-47AE-B010-AC0EEE945359}.AppStore|x86.Deploy.0 = Release|Any CPU
		{CFD3FC4B-3038-47AE-B010-AC0EEE945359}.Debug|Any CPU.ActiveCfg = Debug|Any CPU
		{CFD3FC4B-3038-47AE-B010-AC0EEE945359}.Debug|Any CPU.Build.0 = Debug|Any CPU
		{CFD3FC4B-3038-47AE-B010-AC0EEE945359}.Debug|Any CPU.Deploy.0 = Debug|Any CPU
		{CFD3FC4B-3038-47AE-B010-AC0EEE945359}.Debug|ARM.ActiveCfg = Debug|Any CPU
		{CFD3FC4B-3038-47AE-B010-AC0EEE945359}.Debug|ARM.Build.0 = Debug|Any CPU
		{CFD3FC4B-3038-47AE-B010-AC0EEE945359}.Debug|ARM.Deploy.0 = Debug|Any CPU
		{CFD3FC4B-3038-47AE-B010-AC0EEE945359}.Debug|iPhone.ActiveCfg = Debug|Any CPU
		{CFD3FC4B-3038-47AE-B010-AC0EEE945359}.Debug|iPhone.Build.0 = Debug|Any CPU
		{CFD3FC4B-3038-47AE-B010-AC0EEE945359}.Debug|iPhone.Deploy.0 = Debug|Any CPU
		{CFD3FC4B-3038-47AE-B010-AC0EEE945359}.Debug|iPhoneSimulator.ActiveCfg = Debug|Any CPU
		{CFD3FC4B-3038-47AE-B010-AC0EEE945359}.Debug|iPhoneSimulator.Build.0 = Debug|Any CPU
		{CFD3FC4B-3038-47AE-B010-AC0EEE945359}.Debug|iPhoneSimulator.Deploy.0 = Debug|Any CPU
		{CFD3FC4B-3038-47AE-B010-AC0EEE945359}.Debug|x86.ActiveCfg = Debug|Any CPU
		{CFD3FC4B-3038-47AE-B010-AC0EEE945359}.Debug|x86.Build.0 = Debug|Any CPU
		{CFD3FC4B-3038-47AE-B010-AC0EEE945359}.Debug|x86.Deploy.0 = Debug|Any CPU
		{CFD3FC4B-3038-47AE-B010-AC0EEE945359}.Release|Any CPU.ActiveCfg = Release|Any CPU
		{CFD3FC4B-3038-47AE-B010-AC0EEE945359}.Release|Any CPU.Build.0 = Release|Any CPU
		{CFD3FC4B-3038-47AE-B010-AC0EEE945359}.Release|Any CPU.Deploy.0 = Release|Any CPU
		{CFD3FC4B-3038-47AE-B010-AC0EEE945359}.Release|ARM.ActiveCfg = Release|Any CPU
		{CFD3FC4B-3038-47AE-B010-AC0EEE945359}.Release|ARM.Build.0 = Release|Any CPU
		{CFD3FC4B-3038-47AE-B010-AC0EEE945359}.Release|ARM.Deploy.0 = Release|Any CPU
		{CFD3FC4B-3038-47AE-B010-AC0EEE945359}.Release|iPhone.ActiveCfg = Release|Any CPU
		{CFD3FC4B-3038-47AE-B010-AC0EEE945359}.Release|iPhone.Build.0 = Release|Any CPU
		{CFD3FC4B-3038-47AE-B010-AC0EEE945359}.Release|iPhone.Deploy.0 = Release|Any CPU
		{CFD3FC4B-3038-47AE-B010-AC0EEE945359}.Release|iPhoneSimulator.ActiveCfg = Release|Any CPU
		{CFD3FC4B-3038-47AE-B010-AC0EEE945359}.Release|iPhoneSimulator.Build.0 = Release|Any CPU
		{CFD3FC4B-3038-47AE-B010-AC0EEE945359}.Release|iPhoneSimulator.Deploy.0 = Release|Any CPU
		{CFD3FC4B-3038-47AE-B010-AC0EEE945359}.Release|x86.ActiveCfg = Release|Any CPU
		{CFD3FC4B-3038-47AE-B010-AC0EEE945359}.Release|x86.Build.0 = Release|Any CPU
		{CFD3FC4B-3038-47AE-B010-AC0EEE945359}.Release|x86.Deploy.0 = Release|Any CPU
	EndGlobalSection
	GlobalSection(SolutionProperties) = preSolution
		HideSolutionNode = FALSE
	EndGlobalSection
EndGlobal
